// !$*UTF8*$!
{
	archiveVersion = 1;
	classes = {
	};
	objectVersion = 50;
	objects = {

/* Begin PBXBuildFile section */
		BF4DAC4824A16EB60025E3C9 /* AppDelegate.m in Sources */ = {isa = PBXBuildFile; fileRef = BF4DAC4724A16EB60025E3C9 /* AppDelegate.m */; };
		BF4DAC4B24A16EB60025E3C9 /* SceneDelegate.m in Sources */ = {isa = PBXBuildFile; fileRef = BF4DAC4A24A16EB60025E3C9 /* SceneDelegate.m */; };
		BF4DAC4E24A16EB60025E3C9 /* ViewController.m in Sources */ = {isa = PBXBuildFile; fileRef = BF4DAC4D24A16EB60025E3C9 /* ViewController.m */; };
		BF4DAC5124A16EB60025E3C9 /* Main.storyboard in Resources */ = {isa = PBXBuildFile; fileRef = BF4DAC4F24A16EB60025E3C9 /* Main.storyboard */; };
		BF4DAC5324A16EB90025E3C9 /* Assets.xcassets in Resources */ = {isa = PBXBuildFile; fileRef = BF4DAC5224A16EB90025E3C9 /* Assets.xcassets */; };
		BF4DAC5624A16EB90025E3C9 /* LaunchScreen.storyboard in Resources */ = {isa = PBXBuildFile; fileRef = BF4DAC5424A16EB90025E3C9 /* LaunchScreen.storyboard */; };
		BF4DAC5924A16EB90025E3C9 /* main.m in Sources */ = {isa = PBXBuildFile; fileRef = BF4DAC5824A16EB90025E3C9 /* main.m */; };
		BF4DAC6324A16F520025E3C9 /* HSSpeechController.m in Sources */ = {isa = PBXBuildFile; fileRef = BF4DAC6224A16F520025E3C9 /* HSSpeechController.m */; };
		BF4DAC6624A16F850025E3C9 /* HSBubbleCell.m in Sources */ = {isa = PBXBuildFile; fileRef = BF4DAC6524A16F850025E3C9 /* HSBubbleCell.m */; };
		BF4DAC6924A176190025E3C9 /* HSTableViewController.m in Sources */ = {isa = PBXBuildFile; fileRef = BF4DAC6824A176190025E3C9 /* HSTableViewController.m */; };
/* End PBXBuildFile section */

/* Begin PBXFileReference section */
		BF4DAC4324A16EB60025E3C9 /* Hello AV Foundation.app */ = {isa = PBXFileReference; explicitFileType = wrapper.application; includeInIndex = 0; path = "Hello AV Foundation.app"; sourceTree = BUILT_PRODUCTS_DIR; };
		BF4DAC4624A16EB60025E3C9 /* AppDelegate.h */ = {isa = PBXFileReference; lastKnownFileType = sourcecode.c.h; path = AppDelegate.h; sourceTree = "<group>"; };
		BF4DAC4724A16EB60025E3C9 /* AppDelegate.m */ = {isa = PBXFileReference; lastKnownFileType = sourcecode.c.objc; path = AppDelegate.m; sourceTree = "<group>"; };
		BF4DAC4924A16EB60025E3C9 /* SceneDelegate.h */ = {isa = PBXFileReference; lastKnownFileType = sourcecode.c.h; path = SceneDelegate.h; sourceTree = "<group>"; };
		BF4DAC4A24A16EB60025E3C9 /* SceneDelegate.m */ = {isa = PBXFileReference; lastKnownFileType = sourcecode.c.objc; path = SceneDelegate.m; sourceTree = "<group>"; };
		BF4DAC4C24A16EB60025E3C9 /* ViewController.h */ = {isa = PBXFileReference; lastKnownFileType = sourcecode.c.h; path = ViewController.h; sourceTree = "<group>"; };
		BF4DAC4D24A16EB60025E3C9 /* ViewController.m */ = {isa = PBXFileReference; lastKnownFileType = sourcecode.c.objc; path = ViewController.m; sourceTree = "<group>"; };
		BF4DAC5024A16EB60025E3C9 /* Base */ = {isa = PBXFileReference; lastKnownFileType = file.storyboard; name = Base; path = Base.lproj/Main.storyboard; sourceTree = "<group>"; };
		BF4DAC5224A16EB90025E3C9 /* Assets.xcassets */ = {isa = PBXFileReference; lastKnownFileType = folder.assetcatalog; path = Assets.xcassets; sourceTree = "<group>"; };
		BF4DAC5524A16EB90025E3C9 /* Base */ = {isa = PBXFileReference; lastKnownFileType = file.storyboard; name = Base; path = Base.lproj/LaunchScreen.storyboard; sourceTree = "<group>"; };
		BF4DAC5724A16EB90025E3C9 /* Info.plist */ = {isa = PBXFileReference; lastKnownFileType = text.plist.xml; path = Info.plist; sourceTree = "<group>"; };
		BF4DAC5824A16EB90025E3C9 /* main.m */ = {isa = PBXFileReference; lastKnownFileType = sourcecode.c.objc; path = main.m; sourceTree = "<group>"; };
		BF4DAC6124A16F520025E3C9 /* HSSpeechController.h */ = {isa = PBXFileReference; lastKnownFileType = sourcecode.c.h; path = HSSpeechController.h; sourceTree = "<group>"; };
		BF4DAC6224A16F520025E3C9 /* HSSpeechController.m */ = {isa = PBXFileReference; lastKnownFileType = sourcecode.c.objc; name = HSSpeechController.m; path = ../HSSpeechController.m; sourceTree = "<group>"; };
		BF4DAC6424A16F850025E3C9 /* HSBubbleCell.h */ = {isa = PBXFileReference; lastKnownFileType = sourcecode.c.h; path = HSBubbleCell.h; sourceTree = "<group>"; };
		BF4DAC6524A16F850025E3C9 /* HSBubbleCell.m */ = {isa = PBXFileReference; lastKnownFileType = sourcecode.c.objc; path = HSBubbleCell.m; sourceTree = "<group>"; };
		BF4DAC6724A176190025E3C9 /* HSTableViewController.h */ = {isa = PBXFileReference; lastKnownFileType = sourcecode.c.h; path = HSTableViewController.h; sourceTree = "<group>"; };
		BF4DAC6824A176190025E3C9 /* HSTableViewController.m */ = {isa = PBXFileReference; lastKnownFileType = sourcecode.c.objc; path = HSTableViewController.m; sourceTree = "<group>"; };
/* End PBXFileReference section */

/* Begin PBXFrameworksBuildPhase section */
		BF4DAC4024A16EB60025E3C9 /* Frameworks */ = {
			isa = PBXFrameworksBuildPhase;
			buildActionMask = 2147483647;
			files = (
			);
			runOnlyForDeploymentPostprocessing = 0;
		};
/* End PBXFrameworksBuildPhase section */

/* Begin PBXGroup section */
		BF4DAC3A24A16EB60025E3C9 = {
			isa = PBXGroup;
			children = (
				BF4DAC4524A16EB60025E3C9 /* Hello AV Foundation */,
				BF4DAC4424A16EB60025E3C9 /* Products */,
			);
			sourceTree = "<group>";
		};
		BF4DAC4424A16EB60025E3C9 /* Products */ = {
			isa = PBXGroup;
			children = (
				BF4DAC4324A16EB60025E3C9 /* Hello AV Foundation.app */,
			);
			name = Products;
			sourceTree = "<group>";
		};
		BF4DAC4524A16EB60025E3C9 /* Hello AV Foundation */ = {
			isa = PBXGroup;
			children = (
				BF4DAC4624A16EB60025E3C9 /* AppDelegate.h */,
				BF4DAC4724A16EB60025E3C9 /* AppDelegate.m */,
				BF4DAC4924A16EB60025E3C9 /* SceneDelegate.h */,
				BF4DAC6124A16F520025E3C9 /* HSSpeechController.h */,
				BF4DAC6424A16F850025E3C9 /* HSBubbleCell.h */,
				BF4DAC6524A16F850025E3C9 /* HSBubbleCell.m */,
				BF4DAC6224A16F520025E3C9 /* HSSpeechController.m */,
				BF4DAC4A24A16EB60025E3C9 /* SceneDelegate.m */,
				BF4DAC4C24A16EB60025E3C9 /* ViewController.h */,
				BF4DAC6724A176190025E3C9 /* HSTableViewController.h */,
				BF4DAC6824A176190025E3C9 /* HSTableViewController.m */,
				BF4DAC4D24A16EB60025E3C9 /* ViewController.m */,
				BF4DAC4F24A16EB60025E3C9 /* Main.storyboard */,
				BF4DAC5224A16EB90025E3C9 /* Assets.xcassets */,
				BF4DAC5424A16EB90025E3C9 /* LaunchScreen.storyboard */,
				BF4DAC5724A16EB90025E3C9 /* Info.plist */,
				BF4DAC5824A16EB90025E3C9 /* main.m */,
			);
			path = "Hello AV Foundation";
			sourceTree = "<group>";
		};
/* End PBXGroup section */

/* Begin PBXNativeTarget section */
		BF4DAC4224A16EB60025E3C9 /* Hello AV Foundation */ = {
			isa = PBXNativeTarget;
			buildConfigurationList = BF4DAC5C24A16EB90025E3C9 /* Build configuration list for PBXNativeTarget "Hello AV Foundation" */;
			buildPhases = (
				BF4DAC3F24A16EB60025E3C9 /* Sources */,
				BF4DAC4024A16EB60025E3C9 /* Frameworks */,
				BF4DAC4124A16EB60025E3C9 /* Resources */,
			);
			buildRules = (
			);
			dependencies = (
			);
			name = "Hello AV Foundation";
			productName = "Hello AV Foundation";
			productReference = BF4DAC4324A16EB60025E3C9 /* Hello AV Foundation.app */;
			productType = "com.apple.product-type.application";
		};
/* End PBXNativeTarget section */

/* Begin PBXProject section */
		BF4DAC3B24A16EB60025E3C9 /* Project object */ = {
			isa = PBXProject;
			attributes = {
				LastUpgradeCheck = 1130;
				ORGANIZATIONNAME = vincent;
				TargetAttributes = {
					BF4DAC4224A16EB60025E3C9 = {
						CreatedOnToolsVersion = 11.3.1;
					};
				};
			};
			buildConfigurationList = BF4DAC3E24A16EB60025E3C9 /* Build configuration list for PBXProject "Hello AV Foundation" */;
			compatibilityVersion = "Xcode 9.3";
			developmentRegion = en;
			hasScannedForEncodings = 0;
			knownRegions = (
				en,
				Base,
			);
			mainGroup = BF4DAC3A24A16EB60025E3C9;
			productRefGroup = BF4DAC4424A16EB60025E3C9 /* Products */;
			projectDirPath = "";
			projectRoot = "";
			targets = (
				BF4DAC4224A16EB60025E3C9 /* Hello AV Foundation */,
			);
		};
/* End PBXProject section */

/* Begin PBXResourcesBuildPhase section */
		BF4DAC4124A16EB60025E3C9 /* Resources */ = {
			isa = PBXResourcesBuildPhase;
			buildActionMask = 2147483647;
			files = (
				BF4DAC5624A16EB90025E3C9 /* LaunchScreen.storyboard in Resources */,
				BF4DAC5324A16EB90025E3C9 /* Assets.xcassets in Resources */,
				BF4DAC5124A16EB60025E3C9 /* Main.storyboard in Resources */,
			);
			runOnlyForDeploymentPostprocessing = 0;
		};
/* End PBXResourcesBuildPhase section */

/* Begin PBXSourcesBuildPhase section */
		BF4DAC3F24A16EB60025E3C9 /* Sources */ = {
			isa = PBXSourcesBuildPhase;
			buildActionMask = 2147483647;
			files = (
				BF4DAC6924A176190025E3C9 /* HSTableViewController.m in Sources */,
				BF4DAC4E24A16EB60025E3C9 /* ViewController.m in Sources */,
				BF4DAC4824A16EB60025E3C9 /* AppDelegate.m in Sources */,
				BF4DAC6324A16F520025E3C9 /* HSSpeechController.m in Sources */,
				BF4DAC5924A16EB90025E3C9 /* main.m in Sources */,
				BF4DAC6624A16F850025E3C9 /* HSBubbleCell.m in Sources */,
				BF4DAC4B24A16EB60025E3C9 /* SceneDelegate.m in Sources */,
			);
			runOnlyForDeploymentPostprocessing = 0;
		};
/* End PBXSourcesBuildPhase section */

/* Begin PBXVariantGroup section */
		BF4DAC4F24A16EB60025E3C9 /* Main.storyboard */ = {
			isa = PBXVariantGroup;
			children = (
				BF4DAC5024A16EB60025E3C9 /* Base */,
			);
			name = Main.storyboard;
			sourceTree = "<group>";
		};
		BF4DAC5424A16EB90025E3C9 /* LaunchScreen.storyboard */ = {
			isa = PBXVariantGroup;
			children = (
				BF4DAC5524A16EB90025E3C9 /* Base */,
			);
			name = LaunchScreen.storyboard;
			sourceTree = "<group>";
		};
/* End PBXVariantGroup section */

/* Begin XCBuildConfiguration section */
		BF4DAC5A24A16EB90025E3C9 /* Debug */ = {
			isa = XCBuildConfiguration;
			buildSettings = {
				ALWAYS_SEARCH_USER_PATHS = NO;
				CLANG_ANALYZER_NONNULL = YES;
				CLANG_ANALYZER_NUMBER_OBJECT_CONVERSION = YES_AGGRESSIVE;
				CLANG_CXX_LANGUAGE_STANDARD = "gnu++14";
				CLANG_CXX_LIBRARY = "libc++";
				CLANG_ENABLE_MODULES = YES;
				CLANG_ENABLE_OBJC_ARC = YES;
				CLANG_ENABLE_OBJC_WEAK = YES;
				CLANG_WARN_BLOCK_CAPTURE_AUTORELEASING = YES;
				CLANG_WARN_BOOL_CONVERSION = YES;
				CLANG_WARN_COMMA = YES;
				CLANG_WARN_CONSTANT_CONVERSION = YES;
				CLANG_WARN_DEPRECATED_OBJC_IMPLEMENTATIONS = YES;
				CLANG_WARN_DIRECT_OBJC_ISA_USAGE = YES_ERROR;
				CLANG_WARN_DOCUMENTATION_COMMENTS = YES;
				CLANG_WARN_EMPTY_BODY = YES;
				CLANG_WARN_ENUM_CONVERSION = YES;
				CLANG_WARN_INFINITE_RECURSION = YES;
				CLANG_WARN_INT_CONVERSION = YES;
				CLANG_WARN_NON_LITERAL_NULL_CONVERSION = YES;
				CLANG_WARN_OBJC_IMPLICIT_RETAIN_SELF = YES;
				CLANG_WARN_OBJC_LITERAL_CONVERSION = YES;
				CLANG_WARN_OBJC_ROOT_CLASS = YES_ERROR;
				CLANG_WARN_RANGE_LOOP_ANALYSIS = YES;
				CLANG_WARN_STRICT_PROTOTYPES = YES;
				CLANG_WARN_SUSPICIOUS_MOVE = YES;
				CLANG_WARN_UNGUARDED_AVAILABILITY = YES_AGGRESSIVE;
				CLANG_WARN_UNREACHABLE_CODE = YES;
				CLANG_WARN__DUPLICATE_METHOD_MATCH = YES;
				COPY_PHASE_STRIP = NO;
				DEBUG_INFORMATION_FORMAT = dwarf;
				ENABLE_STRICT_OBJC_MSGSEND = YES;
				ENABLE_TESTABILITY = YES;
				GCC_C_LANGUAGE_STANDARD = gnu11;
				GCC_DYNAMIC_NO_PIC = NO;
				GCC_NO_COMMON_BLOCKS = YES;
				GCC_OPTIMIZATION_LEVEL = 0;
				GCC_PREPROCESSOR_DEFINITIONS = (
					"DEBUG=1",
					"$(inherited)",
				);
				GCC_WARN_64_TO_32_BIT_CONVERSION = YES;
				GCC_WARN_ABOUT_RETURN_TYPE = YES_ERROR;
				GCC_WARN_UNDECLARED_SELECTOR = YES;
				GCC_WARN_UNINITIALIZED_AUTOS = YES_AGGRESSIVE;
				GCC_WARN_UNUSED_FUNCTION = YES;
				GCC_WARN_UNUSED_VARIABLE = YES;
				IPHONEOS_DEPLOYMENT_TARGET = 13.2;
				MTL_ENABLE_DEBUG_INFO = INCLUDE_SOURCE;
				MTL_FAST_MATH = YES;
				ONLY_ACTIVE_ARCH = YES;
				SDKROOT = iphoneos;
			};
			name = Debug;
		};
		BF4DAC5B24A16EB90025E3C9 /* Release */ = {
			isa = XCBuildConfiguration;
			buildSettings = {
				ALWAYS_SEARCH_USER_PATHS = NO;
				CLANG_ANALYZER_NONNULL = YES;
				CLANG_ANALYZER_NUMBER_OBJECT_CONVERSION = YES_AGGRESSIVE;
				CLANG_CXX_LANGUAGE_STANDARD = "gnu++14";
				CLANG_CXX_LIBRARY = "libc++";
				CLANG_ENABLE_MODULES = YES;
				CLANG_ENABLE_OBJC_ARC = YES;
				CLANG_ENABLE_OBJC_WEAK = YES;
				CLANG_WARN_BLOCK_CAPTURE_AUTORELEASING = YES;
				CLANG_WARN_BOOL_CONVERSION = YES;
				CLANG_WARN_COMMA = YES;
				CLANG_WARN_CONSTANT_CONVERSION = YES;
				CLANG_WARN_DEPRECATED_OBJC_IMPLEMENTATIONS = YES;
				CLANG_WARN_DIRECT_OBJC_ISA_USAGE = YES_ERROR;
				CLANG_WARN_DOCUMENTATION_COMMENTS = YES;
				CLANG_WARN_EMPTY_BODY = YES;
				CLANG_WARN_ENUM_CONVERSION = YES;
				CLANG_WARN_INFINITE_RECURSION = YES;
				CLANG_WARN_INT_CONVERSION = YES;
				CLANG_WARN_NON_LITERAL_NULL_CONVERSION = YES;
				CLANG_WARN_OBJC_IMPLICIT_RETAIN_SELF = YES;
				CLANG_WARN_OBJC_LITERAL_CONVERSION = YES;
				CLANG_WARN_OBJC_ROOT_CLASS = YES_ERROR;
				CLANG_WARN_RANGE_LOOP_ANALYSIS = YES;
				CLANG_WARN_STRICT_PROTOTYPES = YES;
				CLANG_WARN_SUSPICIOUS_MOVE = YES;
				CLANG_WARN_UNGUARDED_AVAILABILITY = YES_AGGRESSIVE;
				CLANG_WARN_UNREACHABLE_CODE = YES;
				CLANG_WARN__DUPLICATE_METHOD_MATCH = YES;
				COPY_PHASE_STRIP = NO;
				DEBUG_INFORMATION_FORMAT = "dwarf-with-dsym";
				ENABLE_NS_ASSERTIONS = NO;
				ENABLE_STRICT_OBJC_MSGSEND = YES;
				GCC_C_LANGUAGE_STANDARD = gnu11;
				GCC_NO_COMMON_BLOCKS = YES;
				GCC_WARN_64_TO_32_BIT_CONVERSION = YES;
				GCC_WARN_ABOUT_RETURN_TYPE = YES_ERROR;
				GCC_WARN_UNDECLARED_SELECTOR = YES;
				GCC_WARN_UNINITIALIZED_AUTOS = YES_AGGRESSIVE;
				GCC_WARN_UNUSED_FUNCTION = YES;
				GCC_WARN_UNUSED_VARIABLE = YES;
				IPHONEOS_DEPLOYMENT_TARGET = 13.2;
				MTL_ENABLE_DEBUG_INFO = NO;
				MTL_FAST_MATH = YES;
				SDKROOT = iphoneos;
				VALIDATE_PRODUCT = YES;
			};
			name = Release;
		};
		BF4DAC5D24A16EB90025E3C9 /* Debug */ = {
			isa = XCBuildConfiguration;
			buildSettings = {
				ASSETCATALOG_COMPILER_APPICON_NAME = AppIcon;
				CODE_SIGN_STYLE = Automatic;
				DEVELOPMENT_TEAM = BL424HJ723;
				INFOPLIST_FILE = "Hello AV Foundation/Info.plist";
				IPHONEOS_DEPLOYMENT_TARGET = 12.0;
				LD_RUNPATH_SEARCH_PATHS = (
					"$(inherited)",
					"@executable_path/Frameworks",
				);
				PRODUCT_BUNDLE_IDENTIFIER = "com.idealabs.yuhua.cheng.Hello-AV-Foundation";
				PRODUCT_NAME = "$(TARGET_NAME)";
				TARGETED_DEVICE_FAMILY = "1,2";
			};
			name = Debug;
		};
		BF4DAC5E24A16EB90025E3C9 /* Release */ = {
			isa = XCBuildConfiguration;
			buildSettings = {
				ASSETCATALOG_COMPILER_APPICON_NAME = AppIcon;
				CODE_SIGN_STYLE = Automatic;
				DEVELOPMENT_TEAM = BL424HJ723;
				INFOPLIST_FILE = "Hello AV Foundation/Info.plist";
				IPHONEOS_DEPLOYMENT_TARGET = 12.0;
				LD_RUNPATH_SEARCH_PATHS = (
					"$(inherited)",
					"@executable_path/Frameworks",
				);
				PRODUCT_BUNDLE_IDENTIFIER = "com.idealabs.yuhua.cheng.Hello-AV-Foundation";
				PRODUCT_NAME = "$(TARGET_NAME)";
				TARGETED_DEVICE_FAMILY = "1,2";
			};
			name = Release;
		};
/* End XCBuildConfiguration section */

/* Begin XCConfigurationList section */
		BF4DAC3E24A16EB60025E3C9 /* Build configuration list for PBXProject "Hello AV Foundation" */ = {
			isa = XCConfigurationList;
			buildConfigurations = (
				BF4DAC5A24A16EB90025E3C9 /* Debug */,
				BF4DAC5B24A16EB90025E3C9 /* Release */,
			);
			defaultConfigurationIsVisible = 0;
			defaultConfigurationName = Release;
		};
		BF4DAC5C24A16EB90025E3C9 /* Build configuration list for PBXNativeTarget "Hello AV Foundation" */ = {
			isa = XCConfigurationList;
			buildConfigurations = (
				BF4DAC5D24A16EB90025E3C9 /* Debug */,
				BF4DAC5E24A16EB90025E3C9 /* Release */,
			);
			defaultConfigurationIsVisible = 0;
			defaultConfigurationName = Release;
		};
/* End XCConfigurationList section */
	};
	rootObject = BF4DAC3B24A16EB60025E3C9 /* Project object */;
}
