// !$*UTF8*$!
{
	archiveVersion = 1;
	classes = {
	};
	objectVersion = 50;
	objects = {

/* Begin PBXBuildFile section */
		BF7C734024ADBDC30094A8D9 /* AppDelegate.m in Sources */ = {isa = PBXBuildFile; fileRef = BF7C733F24ADBDC30094A8D9 /* AppDelegate.m */; };
		BF7C734324ADBDC30094A8D9 /* SceneDelegate.m in Sources */ = {isa = PBXBuildFile; fileRef = BF7C734224ADBDC30094A8D9 /* SceneDelegate.m */; };
		BF7C734624ADBDC30094A8D9 /* ViewController.m in Sources */ = {isa = PBXBuildFile; fileRef = BF7C734524ADBDC30094A8D9 /* ViewController.m */; };
		BF7C734924ADBDC30094A8D9 /* Main.storyboard in Resources */ = {isa = PBXBuildFile; fileRef = BF7C734724ADBDC30094A8D9 /* Main.storyboard */; };
		BF7C734B24ADBDC50094A8D9 /* Assets.xcassets in Resources */ = {isa = PBXBuildFile; fileRef = BF7C734A24ADBDC50094A8D9 /* Assets.xcassets */; };
		BF7C734E24ADBDC50094A8D9 /* LaunchScreen.storyboard in Resources */ = {isa = PBXBuildFile; fileRef = BF7C734C24ADBDC50094A8D9 /* LaunchScreen.storyboard */; };
		BF7C735124ADBDC50094A8D9 /* main.m in Sources */ = {isa = PBXBuildFile; fileRef = BF7C735024ADBDC50094A8D9 /* main.m */; };
		BF7C735824ADC9BA0094A8D9 /* moi.png in Resources */ = {isa = PBXBuildFile; fileRef = BF7C735724ADC9BA0094A8D9 /* moi.png */; };
		BF7C735B24ADCDBD0094A8D9 /* MyVignetteFilter.m in Sources */ = {isa = PBXBuildFile; fileRef = BF7C735A24ADCDBD0094A8D9 /* MyVignetteFilter.m */; };
/* End PBXBuildFile section */

/* Begin PBXFileReference section */
		BF7C733B24ADBDC30094A8D9 /* ExperimentWithCoreImage.app */ = {isa = PBXFileReference; explicitFileType = wrapper.application; includeInIndex = 0; path = ExperimentWithCoreImage.app; sourceTree = BUILT_PRODUCTS_DIR; };
		BF7C733E24ADBDC30094A8D9 /* AppDelegate.h */ = {isa = PBXFileReference; lastKnownFileType = sourcecode.c.h; path = AppDelegate.h; sourceTree = "<group>"; };
		BF7C733F24ADBDC30094A8D9 /* AppDelegate.m */ = {isa = PBXFileReference; lastKnownFileType = sourcecode.c.objc; path = AppDelegate.m; sourceTree = "<group>"; };
		BF7C734124ADBDC30094A8D9 /* SceneDelegate.h */ = {isa = PBXFileReference; lastKnownFileType = sourcecode.c.h; path = SceneDelegate.h; sourceTree = "<group>"; };
		BF7C734224ADBDC30094A8D9 /* SceneDelegate.m */ = {isa = PBXFileReference; lastKnownFileType = sourcecode.c.objc; path = SceneDelegate.m; sourceTree = "<group>"; };
		BF7C734424ADBDC30094A8D9 /* ViewController.h */ = {isa = PBXFileReference; lastKnownFileType = sourcecode.c.h; path = ViewController.h; sourceTree = "<group>"; };
		BF7C734524ADBDC30094A8D9 /* ViewController.m */ = {isa = PBXFileReference; lastKnownFileType = sourcecode.c.objc; path = ViewController.m; sourceTree = "<group>"; };
		BF7C734824ADBDC30094A8D9 /* Base */ = {isa = PBXFileReference; lastKnownFileType = file.storyboard; name = Base; path = Base.lproj/Main.storyboard; sourceTree = "<group>"; };
		BF7C734A24ADBDC50094A8D9 /* Assets.xcassets */ = {isa = PBXFileReference; lastKnownFileType = folder.assetcatalog; path = Assets.xcassets; sourceTree = "<group>"; };
		BF7C734D24ADBDC50094A8D9 /* Base */ = {isa = PBXFileReference; lastKnownFileType = file.storyboard; name = Base; path = Base.lproj/LaunchScreen.storyboard; sourceTree = "<group>"; };
		BF7C734F24ADBDC50094A8D9 /* Info.plist */ = {isa = PBXFileReference; lastKnownFileType = text.plist.xml; path = Info.plist; sourceTree = "<group>"; };
		BF7C735024ADBDC50094A8D9 /* main.m */ = {isa = PBXFileReference; lastKnownFileType = sourcecode.c.objc; path = main.m; sourceTree = "<group>"; };
		BF7C735724ADC9BA0094A8D9 /* moi.png */ = {isa = PBXFileReference; lastKnownFileType = image.png; path = moi.png; sourceTree = "<group>"; };
		BF7C735924ADCDBD0094A8D9 /* MyVignetteFilter.h */ = {isa = PBXFileReference; lastKnownFileType = sourcecode.c.h; path = MyVignetteFilter.h; sourceTree = "<group>"; };
		BF7C735A24ADCDBD0094A8D9 /* MyVignetteFilter.m */ = {isa = PBXFileReference; lastKnownFileType = sourcecode.c.objc; path = MyVignetteFilter.m; sourceTree = "<group>"; };
/* End PBXFileReference section */

/* Begin PBXFrameworksBuildPhase section */
		BF7C733824ADBDC30094A8D9 /* Frameworks */ = {
			isa = PBXFrameworksBuildPhase;
			buildActionMask = 2147483647;
			files = (
			);
			runOnlyForDeploymentPostprocessing = 0;
		};
/* End PBXFrameworksBuildPhase section */

/* Begin PBXGroup section */
		BF7C733224ADBDC30094A8D9 = {
			isa = PBXGroup;
			children = (
				BF7C733D24ADBDC30094A8D9 /* ExperimentWithCoreImage */,
				BF7C733C24ADBDC30094A8D9 /* Products */,
			);
			sourceTree = "<group>";
		};
		BF7C733C24ADBDC30094A8D9 /* Products */ = {
			isa = PBXGroup;
			children = (
				BF7C733B24ADBDC30094A8D9 /* ExperimentWithCoreImage.app */,
			);
			name = Products;
			sourceTree = "<group>";
		};
		BF7C733D24ADBDC30094A8D9 /* ExperimentWithCoreImage */ = {
			isa = PBXGroup;
			children = (
				BF7C735724ADC9BA0094A8D9 /* moi.png */,
				BF7C733E24ADBDC30094A8D9 /* AppDelegate.h */,
				BF7C733F24ADBDC30094A8D9 /* AppDelegate.m */,
				BF7C734124ADBDC30094A8D9 /* SceneDelegate.h */,
				BF7C734224ADBDC30094A8D9 /* SceneDelegate.m */,
				BF7C734424ADBDC30094A8D9 /* ViewController.h */,
				BF7C734524ADBDC30094A8D9 /* ViewController.m */,
				BF7C735924ADCDBD0094A8D9 /* MyVignetteFilter.h */,
				BF7C735A24ADCDBD0094A8D9 /* MyVignetteFilter.m */,
				BF7C734724ADBDC30094A8D9 /* Main.storyboard */,
				BF7C734A24ADBDC50094A8D9 /* Assets.xcassets */,
				BF7C734C24ADBDC50094A8D9 /* LaunchScreen.storyboard */,
				BF7C734F24ADBDC50094A8D9 /* Info.plist */,
				BF7C735024ADBDC50094A8D9 /* main.m */,
			);
			path = ExperimentWithCoreImage;
			sourceTree = "<group>";
		};
/* End PBXGroup section */

/* Begin PBXNativeTarget section */
		BF7C733A24ADBDC30094A8D9 /* ExperimentWithCoreImage */ = {
			isa = PBXNativeTarget;
			buildConfigurationList = BF7C735424ADBDC50094A8D9 /* Build configuration list for PBXNativeTarget "ExperimentWithCoreImage" */;
			buildPhases = (
				BF7C733724ADBDC30094A8D9 /* Sources */,
				BF7C733824ADBDC30094A8D9 /* Frameworks */,
				BF7C733924ADBDC30094A8D9 /* Resources */,
			);
			buildRules = (
			);
			dependencies = (
			);
			name = ExperimentWithCoreImage;
			productName = ExperimentWithCoreImage;
			productReference = BF7C733B24ADBDC30094A8D9 /* ExperimentWithCoreImage.app */;
			productType = "com.apple.product-type.application";
		};
/* End PBXNativeTarget section */

/* Begin PBXProject section */
		BF7C733324ADBDC30094A8D9 /* Project object */ = {
			isa = PBXProject;
			attributes = {
				LastUpgradeCheck = 1130;
				ORGANIZATIONNAME = idealabs;
				TargetAttributes = {
					BF7C733A24ADBDC30094A8D9 = {
						CreatedOnToolsVersion = 11.3.1;
					};
				};
			};
			buildConfigurationList = BF7C733624ADBDC30094A8D9 /* Build configuration list for PBXProject "ExperimentWithCoreImage" */;
			compatibilityVersion = "Xcode 9.3";
			developmentRegion = en;
			hasScannedForEncodings = 0;
			knownRegions = (
				en,
				Base,
			);
			mainGroup = BF7C733224ADBDC30094A8D9;
			productRefGroup = BF7C733C24ADBDC30094A8D9 /* Products */;
			projectDirPath = "";
			projectRoot = "";
			targets = (
				BF7C733A24ADBDC30094A8D9 /* ExperimentWithCoreImage */,
			);
		};
/* End PBXProject section */

/* Begin PBXResourcesBuildPhase section */
		BF7C733924ADBDC30094A8D9 /* Resources */ = {
			isa = PBXResourcesBuildPhase;
			buildActionMask = 2147483647;
			files = (
				BF7C734E24ADBDC50094A8D9 /* LaunchScreen.storyboard in Resources */,
				BF7C734B24ADBDC50094A8D9 /* Assets.xcassets in Resources */,
				BF7C734924ADBDC30094A8D9 /* Main.storyboard in Resources */,
				BF7C735824ADC9BA0094A8D9 /* moi.png in Resources */,
			);
			runOnlyForDeploymentPostprocessing = 0;
		};
/* End PBXResourcesBuildPhase section */

/* Begin PBXSourcesBuildPhase section */
		BF7C733724ADBDC30094A8D9 /* Sources */ = {
			isa = PBXSourcesBuildPhase;
			buildActionMask = 2147483647;
			files = (
				BF7C734624ADBDC30094A8D9 /* ViewController.m in Sources */,
				BF7C735B24ADCDBD0094A8D9 /* MyVignetteFilter.m in Sources */,
				BF7C734024ADBDC30094A8D9 /* AppDelegate.m in Sources */,
				BF7C735124ADBDC50094A8D9 /* main.m in Sources */,
				BF7C734324ADBDC30094A8D9 /* SceneDelegate.m in Sources */,
			);
			runOnlyForDeploymentPostprocessing = 0;
		};
/* End PBXSourcesBuildPhase section */

/* Begin PBXVariantGroup section */
		BF7C734724ADBDC30094A8D9 /* Main.storyboard */ = {
			isa = PBXVariantGroup;
			children = (
				BF7C734824ADBDC30094A8D9 /* Base */,
			);
			name = Main.storyboard;
			sourceTree = "<group>";
		};
		BF7C734C24ADBDC50094A8D9 /* LaunchScreen.storyboard */ = {
			isa = PBXVariantGroup;
			children = (
				BF7C734D24ADBDC50094A8D9 /* Base */,
			);
			name = LaunchScreen.storyboard;
			sourceTree = "<group>";
		};
/* End PBXVariantGroup section */

/* Begin XCBuildConfiguration section */
		BF7C735224ADBDC50094A8D9 /* Debug */ = {
			isa = XCBuildConfiguration;
			buildSettings = {
				ALWAYS_SEARCH_USER_PATHS = NO;
				CLANG_ANALYZER_NONNULL = YES;
				CLANG_ANALYZER_NUMBER_OBJECT_CONVERSION = YES_AGGRESSIVE;
				CLANG_CXX_LANGUAGE_STANDARD = "gnu++14";
				CLANG_CXX_LIBRARY = "libc++";
				CLANG_ENABLE_MODULES = YES;
				CLANG_ENABLE_OBJC_ARC = YES;
				CLANG_ENABLE_OBJC_WEAK = YES;
				CLANG_WARN_BLOCK_CAPTURE_AUTORELEASING = YES;
				CLANG_WARN_BOOL_CONVERSION = YES;
				CLANG_WARN_COMMA = YES;
				CLANG_WARN_CONSTANT_CONVERSION = YES;
				CLANG_WARN_DEPRECATED_OBJC_IMPLEMENTATIONS = YES;
				CLANG_WARN_DIRECT_OBJC_ISA_USAGE = YES_ERROR;
				CLANG_WARN_DOCUMENTATION_COMMENTS = YES;
				CLANG_WARN_EMPTY_BODY = YES;
				CLANG_WARN_ENUM_CONVERSION = YES;
				CLANG_WARN_INFINITE_RECURSION = YES;
				CLANG_WARN_INT_CONVERSION = YES;
				CLANG_WARN_NON_LITERAL_NULL_CONVERSION = YES;
				CLANG_WARN_OBJC_IMPLICIT_RETAIN_SELF = YES;
				CLANG_WARN_OBJC_LITERAL_CONVERSION = YES;
				CLANG_WARN_OBJC_ROOT_CLASS = YES_ERROR;
				CLANG_WARN_RANGE_LOOP_ANALYSIS = YES;
				CLANG_WARN_STRICT_PROTOTYPES = YES;
				CLANG_WARN_SUSPICIOUS_MOVE = YES;
				CLANG_WARN_UNGUARDED_AVAILABILITY = YES_AGGRESSIVE;
				CLANG_WARN_UNREACHABLE_CODE = YES;
				CLANG_WARN__DUPLICATE_METHOD_MATCH = YES;
				COPY_PHASE_STRIP = NO;
				DEBUG_INFORMATION_FORMAT = dwarf;
				ENABLE_STRICT_OBJC_MSGSEND = YES;
				ENABLE_TESTABILITY = YES;
				GCC_C_LANGUAGE_STANDARD = gnu11;
				GCC_DYNAMIC_NO_PIC = NO;
				GCC_NO_COMMON_BLOCKS = YES;
				GCC_OPTIMIZATION_LEVEL = 0;
				GCC_PREPROCESSOR_DEFINITIONS = (
					"DEBUG=1",
					"$(inherited)",
				);
				GCC_WARN_64_TO_32_BIT_CONVERSION = YES;
				GCC_WARN_ABOUT_RETURN_TYPE = YES_ERROR;
				GCC_WARN_UNDECLARED_SELECTOR = YES;
				GCC_WARN_UNINITIALIZED_AUTOS = YES_AGGRESSIVE;
				GCC_WARN_UNUSED_FUNCTION = YES;
				GCC_WARN_UNUSED_VARIABLE = YES;
				IPHONEOS_DEPLOYMENT_TARGET = 13.2;
				MTL_ENABLE_DEBUG_INFO = INCLUDE_SOURCE;
				MTL_FAST_MATH = YES;
				ONLY_ACTIVE_ARCH = YES;
				SDKROOT = iphoneos;
			};
			name = Debug;
		};
		BF7C735324ADBDC50094A8D9 /* Release */ = {
			isa = XCBuildConfiguration;
			buildSettings = {
				ALWAYS_SEARCH_USER_PATHS = NO;
				CLANG_ANALYZER_NONNULL = YES;
				CLANG_ANALYZER_NUMBER_OBJECT_CONVERSION = YES_AGGRESSIVE;
				CLANG_CXX_LANGUAGE_STANDARD = "gnu++14";
				CLANG_CXX_LIBRARY = "libc++";
				CLANG_ENABLE_MODULES = YES;
				CLANG_ENABLE_OBJC_ARC = YES;
				CLANG_ENABLE_OBJC_WEAK = YES;
				CLANG_WARN_BLOCK_CAPTURE_AUTORELEASING = YES;
				CLANG_WARN_BOOL_CONVERSION = YES;
				CLANG_WARN_COMMA = YES;
				CLANG_WARN_CONSTANT_CONVERSION = YES;
				CLANG_WARN_DEPRECATED_OBJC_IMPLEMENTATIONS = YES;
				CLANG_WARN_DIRECT_OBJC_ISA_USAGE = YES_ERROR;
				CLANG_WARN_DOCUMENTATION_COMMENTS = YES;
				CLANG_WARN_EMPTY_BODY = YES;
				CLANG_WARN_ENUM_CONVERSION = YES;
				CLANG_WARN_INFINITE_RECURSION = YES;
				CLANG_WARN_INT_CONVERSION = YES;
				CLANG_WARN_NON_LITERAL_NULL_CONVERSION = YES;
				CLANG_WARN_OBJC_IMPLICIT_RETAIN_SELF = YES;
				CLANG_WARN_OBJC_LITERAL_CONVERSION = YES;
				CLANG_WARN_OBJC_ROOT_CLASS = YES_ERROR;
				CLANG_WARN_RANGE_LOOP_ANALYSIS = YES;
				CLANG_WARN_STRICT_PROTOTYPES = YES;
				CLANG_WARN_SUSPICIOUS_MOVE = YES;
				CLANG_WARN_UNGUARDED_AVAILABILITY = YES_AGGRESSIVE;
				CLANG_WARN_UNREACHABLE_CODE = YES;
				CLANG_WARN__DUPLICATE_METHOD_MATCH = YES;
				COPY_PHASE_STRIP = NO;
				DEBUG_INFORMATION_FORMAT = "dwarf-with-dsym";
				ENABLE_NS_ASSERTIONS = NO;
				ENABLE_STRICT_OBJC_MSGSEND = YES;
				GCC_C_LANGUAGE_STANDARD = gnu11;
				GCC_NO_COMMON_BLOCKS = YES;
				GCC_WARN_64_TO_32_BIT_CONVERSION = YES;
				GCC_WARN_ABOUT_RETURN_TYPE = YES_ERROR;
				GCC_WARN_UNDECLARED_SELECTOR = YES;
				GCC_WARN_UNINITIALIZED_AUTOS = YES_AGGRESSIVE;
				GCC_WARN_UNUSED_FUNCTION = YES;
				GCC_WARN_UNUSED_VARIABLE = YES;
				IPHONEOS_DEPLOYMENT_TARGET = 13.2;
				MTL_ENABLE_DEBUG_INFO = NO;
				MTL_FAST_MATH = YES;
				SDKROOT = iphoneos;
				VALIDATE_PRODUCT = YES;
			};
			name = Release;
		};
		BF7C735524ADBDC50094A8D9 /* Debug */ = {
			isa = XCBuildConfiguration;
			buildSettings = {
				ASSETCATALOG_COMPILER_APPICON_NAME = AppIcon;
				CODE_SIGN_STYLE = Automatic;
				DEVELOPMENT_TEAM = WUNJD37RX7;
				INFOPLIST_FILE = ExperimentWithCoreImage/Info.plist;
				LD_RUNPATH_SEARCH_PATHS = (
					"$(inherited)",
					"@executable_path/Frameworks",
				);
				PRODUCT_BUNDLE_IDENTIFIER = me.yuhuacheng.cocoatouch.ExperimentWithCoreImage;
				PRODUCT_NAME = "$(TARGET_NAME)";
				TARGETED_DEVICE_FAMILY = "1,2";
			};
			name = Debug;
		};
		BF7C735624ADBDC50094A8D9 /* Release */ = {
			isa = XCBuildConfiguration;
			buildSettings = {
				ASSETCATALOG_COMPILER_APPICON_NAME = AppIcon;
				CODE_SIGN_STYLE = Automatic;
				DEVELOPMENT_TEAM = WUNJD37RX7;
				INFOPLIST_FILE = ExperimentWithCoreImage/Info.plist;
				LD_RUNPATH_SEARCH_PATHS = (
					"$(inherited)",
					"@executable_path/Frameworks",
				);
				PRODUCT_BUNDLE_IDENTIFIER = me.yuhuacheng.cocoatouch.ExperimentWithCoreImage;
				PRODUCT_NAME = "$(TARGET_NAME)";
				TARGETED_DEVICE_FAMILY = "1,2";
			};
			name = Release;
		};
/* End XCBuildConfiguration section */

/* Begin XCConfigurationList section */
		BF7C733624ADBDC30094A8D9 /* Build configuration list for PBXProject "ExperimentWithCoreImage" */ = {
			isa = XCConfigurationList;
			buildConfigurations = (
				BF7C735224ADBDC50094A8D9 /* Debug */,
				BF7C735324ADBDC50094A8D9 /* Release */,
			);
			defaultConfigurationIsVisible = 0;
			defaultConfigurationName = Release;
		};
		BF7C735424ADBDC50094A8D9 /* Build configuration list for PBXNativeTarget "ExperimentWithCoreImage" */ = {
			isa = XCConfigurationList;
			buildConfigurations = (
				BF7C735524ADBDC50094A8D9 /* Debug */,
				BF7C735624ADBDC50094A8D9 /* Release */,
			);
			defaultConfigurationIsVisible = 0;
			defaultConfigurationName = Release;
		};
/* End XCConfigurationList section */
	};
	rootObject = BF7C733324ADBDC30094A8D9 /* Project object */;
}
