// !$*UTF8*$!
{
	archiveVersion = 1;
	classes = {
	};
	objectVersion = 50;
	objects = {

/* Begin PBXBuildFile section */
		BF7C72C124AD6FA50094A8D9 /* AppDelegate.m in Sources */ = {isa = PBXBuildFile; fileRef = BF7C72C024AD6FA50094A8D9 /* AppDelegate.m */; };
		BF7C72C424AD6FA50094A8D9 /* SceneDelegate.m in Sources */ = {isa = PBXBuildFile; fileRef = BF7C72C324AD6FA50094A8D9 /* SceneDelegate.m */; };
		BF7C72C724AD6FA50094A8D9 /* ViewController.m in Sources */ = {isa = PBXBuildFile; fileRef = BF7C72C624AD6FA50094A8D9 /* ViewController.m */; };
		BF7C72CA24AD6FA50094A8D9 /* Main.storyboard in Resources */ = {isa = PBXBuildFile; fileRef = BF7C72C824AD6FA50094A8D9 /* Main.storyboard */; };
		BF7C72CC24AD6FA90094A8D9 /* Assets.xcassets in Resources */ = {isa = PBXBuildFile; fileRef = BF7C72CB24AD6FA90094A8D9 /* Assets.xcassets */; };
		BF7C72CF24AD6FA90094A8D9 /* LaunchScreen.storyboard in Resources */ = {isa = PBXBuildFile; fileRef = BF7C72CD24AD6FA90094A8D9 /* LaunchScreen.storyboard */; };
		BF7C72D224AD6FA90094A8D9 /* main.m in Sources */ = {isa = PBXBuildFile; fileRef = BF7C72D124AD6FA90094A8D9 /* main.m */; };
		BF7C72DA24AD70D40094A8D9 /* View1.m in Sources */ = {isa = PBXBuildFile; fileRef = BF7C72D924AD70D40094A8D9 /* View1.m */; };
		BF7C72DD24AD73D40094A8D9 /* View2.m in Sources */ = {isa = PBXBuildFile; fileRef = BF7C72DC24AD73D40094A8D9 /* View2.m */; };
		BF7C72E024AD75A40094A8D9 /* View3.m in Sources */ = {isa = PBXBuildFile; fileRef = BF7C72DF24AD75A40094A8D9 /* View3.m */; };
		BF7C72E324AD8E8E0094A8D9 /* View4.m in Sources */ = {isa = PBXBuildFile; fileRef = BF7C72E224AD8E8E0094A8D9 /* View4.m */; };
/* End PBXBuildFile section */

/* Begin PBXFileReference section */
		BF7C72BC24AD6FA50094A8D9 /* UIBazierPathDemo.app */ = {isa = PBXFileReference; explicitFileType = wrapper.application; includeInIndex = 0; path = UIBazierPathDemo.app; sourceTree = BUILT_PRODUCTS_DIR; };
		BF7C72BF24AD6FA50094A8D9 /* AppDelegate.h */ = {isa = PBXFileReference; lastKnownFileType = sourcecode.c.h; path = AppDelegate.h; sourceTree = "<group>"; };
		BF7C72C024AD6FA50094A8D9 /* AppDelegate.m */ = {isa = PBXFileReference; lastKnownFileType = sourcecode.c.objc; path = AppDelegate.m; sourceTree = "<group>"; };
		BF7C72C224AD6FA50094A8D9 /* SceneDelegate.h */ = {isa = PBXFileReference; lastKnownFileType = sourcecode.c.h; path = SceneDelegate.h; sourceTree = "<group>"; };
		BF7C72C324AD6FA50094A8D9 /* SceneDelegate.m */ = {isa = PBXFileReference; lastKnownFileType = sourcecode.c.objc; path = SceneDelegate.m; sourceTree = "<group>"; };
		BF7C72C524AD6FA50094A8D9 /* ViewController.h */ = {isa = PBXFileReference; lastKnownFileType = sourcecode.c.h; path = ViewController.h; sourceTree = "<group>"; };
		BF7C72C624AD6FA50094A8D9 /* ViewController.m */ = {isa = PBXFileReference; lastKnownFileType = sourcecode.c.objc; path = ViewController.m; sourceTree = "<group>"; };
		BF7C72C924AD6FA50094A8D9 /* Base */ = {isa = PBXFileReference; lastKnownFileType = file.storyboard; name = Base; path = Base.lproj/Main.storyboard; sourceTree = "<group>"; };
		BF7C72CB24AD6FA90094A8D9 /* Assets.xcassets */ = {isa = PBXFileReference; lastKnownFileType = folder.assetcatalog; path = Assets.xcassets; sourceTree = "<group>"; };
		BF7C72CE24AD6FA90094A8D9 /* Base */ = {isa = PBXFileReference; lastKnownFileType = file.storyboard; name = Base; path = Base.lproj/LaunchScreen.storyboard; sourceTree = "<group>"; };
		BF7C72D024AD6FA90094A8D9 /* Info.plist */ = {isa = PBXFileReference; lastKnownFileType = text.plist.xml; path = Info.plist; sourceTree = "<group>"; };
		BF7C72D124AD6FA90094A8D9 /* main.m */ = {isa = PBXFileReference; lastKnownFileType = sourcecode.c.objc; path = main.m; sourceTree = "<group>"; };
		BF7C72D824AD70D40094A8D9 /* View1.h */ = {isa = PBXFileReference; lastKnownFileType = sourcecode.c.h; path = View1.h; sourceTree = "<group>"; };
		BF7C72D924AD70D40094A8D9 /* View1.m */ = {isa = PBXFileReference; lastKnownFileType = sourcecode.c.objc; path = View1.m; sourceTree = "<group>"; };
		BF7C72DB24AD73D40094A8D9 /* View2.h */ = {isa = PBXFileReference; lastKnownFileType = sourcecode.c.h; path = View2.h; sourceTree = "<group>"; };
		BF7C72DC24AD73D40094A8D9 /* View2.m */ = {isa = PBXFileReference; lastKnownFileType = sourcecode.c.objc; path = View2.m; sourceTree = "<group>"; };
		BF7C72DE24AD75A40094A8D9 /* View3.h */ = {isa = PBXFileReference; lastKnownFileType = sourcecode.c.h; path = View3.h; sourceTree = "<group>"; };
		BF7C72DF24AD75A40094A8D9 /* View3.m */ = {isa = PBXFileReference; lastKnownFileType = sourcecode.c.objc; path = View3.m; sourceTree = "<group>"; };
		BF7C72E124AD8E8E0094A8D9 /* View4.h */ = {isa = PBXFileReference; lastKnownFileType = sourcecode.c.h; path = View4.h; sourceTree = "<group>"; };
		BF7C72E224AD8E8E0094A8D9 /* View4.m */ = {isa = PBXFileReference; lastKnownFileType = sourcecode.c.objc; path = View4.m; sourceTree = "<group>"; };
/* End PBXFileReference section */

/* Begin PBXFrameworksBuildPhase section */
		BF7C72B924AD6FA50094A8D9 /* Frameworks */ = {
			isa = PBXFrameworksBuildPhase;
			buildActionMask = 2147483647;
			files = (
			);
			runOnlyForDeploymentPostprocessing = 0;
		};
/* End PBXFrameworksBuildPhase section */

/* Begin PBXGroup section */
		BF7C72B324AD6FA50094A8D9 = {
			isa = PBXGroup;
			children = (
				BF7C72BE24AD6FA50094A8D9 /* UIBazierPathDemo */,
				BF7C72BD24AD6FA50094A8D9 /* Products */,
			);
			sourceTree = "<group>";
		};
		BF7C72BD24AD6FA50094A8D9 /* Products */ = {
			isa = PBXGroup;
			children = (
				BF7C72BC24AD6FA50094A8D9 /* UIBazierPathDemo.app */,
			);
			name = Products;
			sourceTree = "<group>";
		};
		BF7C72BE24AD6FA50094A8D9 /* UIBazierPathDemo */ = {
			isa = PBXGroup;
			children = (
				BF7C72BF24AD6FA50094A8D9 /* AppDelegate.h */,
				BF7C72C024AD6FA50094A8D9 /* AppDelegate.m */,
				BF7C72C224AD6FA50094A8D9 /* SceneDelegate.h */,
				BF7C72C324AD6FA50094A8D9 /* SceneDelegate.m */,
				BF7C72C524AD6FA50094A8D9 /* ViewController.h */,
				BF7C72C624AD6FA50094A8D9 /* ViewController.m */,
				BF7C72D824AD70D40094A8D9 /* View1.h */,
				BF7C72D924AD70D40094A8D9 /* View1.m */,
				BF7C72DB24AD73D40094A8D9 /* View2.h */,
				BF7C72DC24AD73D40094A8D9 /* View2.m */,
				BF7C72DE24AD75A40094A8D9 /* View3.h */,
				BF7C72DF24AD75A40094A8D9 /* View3.m */,
				BF7C72E124AD8E8E0094A8D9 /* View4.h */,
				BF7C72E224AD8E8E0094A8D9 /* View4.m */,
				BF7C72C824AD6FA50094A8D9 /* Main.storyboard */,
				BF7C72CB24AD6FA90094A8D9 /* Assets.xcassets */,
				BF7C72CD24AD6FA90094A8D9 /* LaunchScreen.storyboard */,
				BF7C72D024AD6FA90094A8D9 /* Info.plist */,
				BF7C72D124AD6FA90094A8D9 /* main.m */,
			);
			path = UIBazierPathDemo;
			sourceTree = "<group>";
		};
/* End PBXGroup section */

/* Begin PBXNativeTarget section */
		BF7C72BB24AD6FA50094A8D9 /* UIBazierPathDemo */ = {
			isa = PBXNativeTarget;
			buildConfigurationList = BF7C72D524AD6FA90094A8D9 /* Build configuration list for PBXNativeTarget "UIBazierPathDemo" */;
			buildPhases = (
				BF7C72B824AD6FA50094A8D9 /* Sources */,
				BF7C72B924AD6FA50094A8D9 /* Frameworks */,
				BF7C72BA24AD6FA50094A8D9 /* Resources */,
			);
			buildRules = (
			);
			dependencies = (
			);
			name = UIBazierPathDemo;
			productName = UIBazierPathDemo;
			productReference = BF7C72BC24AD6FA50094A8D9 /* UIBazierPathDemo.app */;
			productType = "com.apple.product-type.application";
		};
/* End PBXNativeTarget section */

/* Begin PBXProject section */
		BF7C72B424AD6FA50094A8D9 /* Project object */ = {
			isa = PBXProject;
			attributes = {
				LastUpgradeCheck = 1130;
				ORGANIZATIONNAME = idealabs;
				TargetAttributes = {
					BF7C72BB24AD6FA50094A8D9 = {
						CreatedOnToolsVersion = 11.3.1;
					};
				};
			};
			buildConfigurationList = BF7C72B724AD6FA50094A8D9 /* Build configuration list for PBXProject "UIBazierPathDemo" */;
			compatibilityVersion = "Xcode 9.3";
			developmentRegion = en;
			hasScannedForEncodings = 0;
			knownRegions = (
				en,
				Base,
			);
			mainGroup = BF7C72B324AD6FA50094A8D9;
			productRefGroup = BF7C72BD24AD6FA50094A8D9 /* Products */;
			projectDirPath = "";
			projectRoot = "";
			targets = (
				BF7C72BB24AD6FA50094A8D9 /* UIBazierPathDemo */,
			);
		};
/* End PBXProject section */

/* Begin PBXResourcesBuildPhase section */
		BF7C72BA24AD6FA50094A8D9 /* Resources */ = {
			isa = PBXResourcesBuildPhase;
			buildActionMask = 2147483647;
			files = (
				BF7C72CF24AD6FA90094A8D9 /* LaunchScreen.storyboard in Resources */,
				BF7C72CC24AD6FA90094A8D9 /* Assets.xcassets in Resources */,
				BF7C72CA24AD6FA50094A8D9 /* Main.storyboard in Resources */,
			);
			runOnlyForDeploymentPostprocessing = 0;
		};
/* End PBXResourcesBuildPhase section */

/* Begin PBXSourcesBuildPhase section */
		BF7C72B824AD6FA50094A8D9 /* Sources */ = {
			isa = PBXSourcesBuildPhase;
			buildActionMask = 2147483647;
			files = (
				BF7C72C724AD6FA50094A8D9 /* ViewController.m in Sources */,
				BF7C72E324AD8E8E0094A8D9 /* View4.m in Sources */,
				BF7C72E024AD75A40094A8D9 /* View3.m in Sources */,
				BF7C72DA24AD70D40094A8D9 /* View1.m in Sources */,
				BF7C72C124AD6FA50094A8D9 /* AppDelegate.m in Sources */,
				BF7C72DD24AD73D40094A8D9 /* View2.m in Sources */,
				BF7C72D224AD6FA90094A8D9 /* main.m in Sources */,
				BF7C72C424AD6FA50094A8D9 /* SceneDelegate.m in Sources */,
			);
			runOnlyForDeploymentPostprocessing = 0;
		};
/* End PBXSourcesBuildPhase section */

/* Begin PBXVariantGroup section */
		BF7C72C824AD6FA50094A8D9 /* Main.storyboard */ = {
			isa = PBXVariantGroup;
			children = (
				BF7C72C924AD6FA50094A8D9 /* Base */,
			);
			name = Main.storyboard;
			sourceTree = "<group>";
		};
		BF7C72CD24AD6FA90094A8D9 /* LaunchScreen.storyboard */ = {
			isa = PBXVariantGroup;
			children = (
				BF7C72CE24AD6FA90094A8D9 /* Base */,
			);
			name = LaunchScreen.storyboard;
			sourceTree = "<group>";
		};
/* End PBXVariantGroup section */

/* Begin XCBuildConfiguration section */
		BF7C72D324AD6FA90094A8D9 /* Debug */ = {
			isa = XCBuildConfiguration;
			buildSettings = {
				ALWAYS_SEARCH_USER_PATHS = NO;
				CLANG_ANALYZER_NONNULL = YES;
				CLANG_ANALYZER_NUMBER_OBJECT_CONVERSION = YES_AGGRESSIVE;
				CLANG_CXX_LANGUAGE_STANDARD = "gnu++14";
				CLANG_CXX_LIBRARY = "libc++";
				CLANG_ENABLE_MODULES = YES;
				CLANG_ENABLE_OBJC_ARC = YES;
				CLANG_ENABLE_OBJC_WEAK = YES;
				CLANG_WARN_BLOCK_CAPTURE_AUTORELEASING = YES;
				CLANG_WARN_BOOL_CONVERSION = YES;
				CLANG_WARN_COMMA = YES;
				CLANG_WARN_CONSTANT_CONVERSION = YES;
				CLANG_WARN_DEPRECATED_OBJC_IMPLEMENTATIONS = YES;
				CLANG_WARN_DIRECT_OBJC_ISA_USAGE = YES_ERROR;
				CLANG_WARN_DOCUMENTATION_COMMENTS = YES;
				CLANG_WARN_EMPTY_BODY = YES;
				CLANG_WARN_ENUM_CONVERSION = YES;
				CLANG_WARN_INFINITE_RECURSION = YES;
				CLANG_WARN_INT_CONVERSION = YES;
				CLANG_WARN_NON_LITERAL_NULL_CONVERSION = YES;
				CLANG_WARN_OBJC_IMPLICIT_RETAIN_SELF = YES;
				CLANG_WARN_OBJC_LITERAL_CONVERSION = YES;
				CLANG_WARN_OBJC_ROOT_CLASS = YES_ERROR;
				CLANG_WARN_RANGE_LOOP_ANALYSIS = YES;
				CLANG_WARN_STRICT_PROTOTYPES = YES;
				CLANG_WARN_SUSPICIOUS_MOVE = YES;
				CLANG_WARN_UNGUARDED_AVAILABILITY = YES_AGGRESSIVE;
				CLANG_WARN_UNREACHABLE_CODE = YES;
				CLANG_WARN__DUPLICATE_METHOD_MATCH = YES;
				COPY_PHASE_STRIP = NO;
				DEBUG_INFORMATION_FORMAT = dwarf;
				ENABLE_STRICT_OBJC_MSGSEND = YES;
				ENABLE_TESTABILITY = YES;
				GCC_C_LANGUAGE_STANDARD = gnu11;
				GCC_DYNAMIC_NO_PIC = NO;
				GCC_NO_COMMON_BLOCKS = YES;
				GCC_OPTIMIZATION_LEVEL = 0;
				GCC_PREPROCESSOR_DEFINITIONS = (
					"DEBUG=1",
					"$(inherited)",
				);
				GCC_WARN_64_TO_32_BIT_CONVERSION = YES;
				GCC_WARN_ABOUT_RETURN_TYPE = YES_ERROR;
				GCC_WARN_UNDECLARED_SELECTOR = YES;
				GCC_WARN_UNINITIALIZED_AUTOS = YES_AGGRESSIVE;
				GCC_WARN_UNUSED_FUNCTION = YES;
				GCC_WARN_UNUSED_VARIABLE = YES;
				IPHONEOS_DEPLOYMENT_TARGET = 13.2;
				MTL_ENABLE_DEBUG_INFO = INCLUDE_SOURCE;
				MTL_FAST_MATH = YES;
				ONLY_ACTIVE_ARCH = YES;
				SDKROOT = iphoneos;
			};
			name = Debug;
		};
		BF7C72D424AD6FA90094A8D9 /* Release */ = {
			isa = XCBuildConfiguration;
			buildSettings = {
				ALWAYS_SEARCH_USER_PATHS = NO;
				CLANG_ANALYZER_NONNULL = YES;
				CLANG_ANALYZER_NUMBER_OBJECT_CONVERSION = YES_AGGRESSIVE;
				CLANG_CXX_LANGUAGE_STANDARD = "gnu++14";
				CLANG_CXX_LIBRARY = "libc++";
				CLANG_ENABLE_MODULES = YES;
				CLANG_ENABLE_OBJC_ARC = YES;
				CLANG_ENABLE_OBJC_WEAK = YES;
				CLANG_WARN_BLOCK_CAPTURE_AUTORELEASING = YES;
				CLANG_WARN_BOOL_CONVERSION = YES;
				CLANG_WARN_COMMA = YES;
				CLANG_WARN_CONSTANT_CONVERSION = YES;
				CLANG_WARN_DEPRECATED_OBJC_IMPLEMENTATIONS = YES;
				CLANG_WARN_DIRECT_OBJC_ISA_USAGE = YES_ERROR;
				CLANG_WARN_DOCUMENTATION_COMMENTS = YES;
				CLANG_WARN_EMPTY_BODY = YES;
				CLANG_WARN_ENUM_CONVERSION = YES;
				CLANG_WARN_INFINITE_RECURSION = YES;
				CLANG_WARN_INT_CONVERSION = YES;
				CLANG_WARN_NON_LITERAL_NULL_CONVERSION = YES;
				CLANG_WARN_OBJC_IMPLICIT_RETAIN_SELF = YES;
				CLANG_WARN_OBJC_LITERAL_CONVERSION = YES;
				CLANG_WARN_OBJC_ROOT_CLASS = YES_ERROR;
				CLANG_WARN_RANGE_LOOP_ANALYSIS = YES;
				CLANG_WARN_STRICT_PROTOTYPES = YES;
				CLANG_WARN_SUSPICIOUS_MOVE = YES;
				CLANG_WARN_UNGUARDED_AVAILABILITY = YES_AGGRESSIVE;
				CLANG_WARN_UNREACHABLE_CODE = YES;
				CLANG_WARN__DUPLICATE_METHOD_MATCH = YES;
				COPY_PHASE_STRIP = NO;
				DEBUG_INFORMATION_FORMAT = "dwarf-with-dsym";
				ENABLE_NS_ASSERTIONS = NO;
				ENABLE_STRICT_OBJC_MSGSEND = YES;
				GCC_C_LANGUAGE_STANDARD = gnu11;
				GCC_NO_COMMON_BLOCKS = YES;
				GCC_WARN_64_TO_32_BIT_CONVERSION = YES;
				GCC_WARN_ABOUT_RETURN_TYPE = YES_ERROR;
				GCC_WARN_UNDECLARED_SELECTOR = YES;
				GCC_WARN_UNINITIALIZED_AUTOS = YES_AGGRESSIVE;
				GCC_WARN_UNUSED_FUNCTION = YES;
				GCC_WARN_UNUSED_VARIABLE = YES;
				IPHONEOS_DEPLOYMENT_TARGET = 13.2;
				MTL_ENABLE_DEBUG_INFO = NO;
				MTL_FAST_MATH = YES;
				SDKROOT = iphoneos;
				VALIDATE_PRODUCT = YES;
			};
			name = Release;
		};
		BF7C72D624AD6FA90094A8D9 /* Debug */ = {
			isa = XCBuildConfiguration;
			buildSettings = {
				ASSETCATALOG_COMPILER_APPICON_NAME = AppIcon;
				CODE_SIGN_STYLE = Automatic;
				DEVELOPMENT_TEAM = WUNJD37RX7;
				INFOPLIST_FILE = UIBazierPathDemo/Info.plist;
				IPHONEOS_DEPLOYMENT_TARGET = 11.0;
				LD_RUNPATH_SEARCH_PATHS = (
					"$(inherited)",
					"@executable_path/Frameworks",
				);
				PRODUCT_BUNDLE_IDENTIFIER = me.yuhuacheng.cocoatouch.UIBazierPathDemo;
				PRODUCT_NAME = "$(TARGET_NAME)";
				TARGETED_DEVICE_FAMILY = "1,2";
			};
			name = Debug;
		};
		BF7C72D724AD6FA90094A8D9 /* Release */ = {
			isa = XCBuildConfiguration;
			buildSettings = {
				ASSETCATALOG_COMPILER_APPICON_NAME = AppIcon;
				CODE_SIGN_STYLE = Automatic;
				DEVELOPMENT_TEAM = WUNJD37RX7;
				INFOPLIST_FILE = UIBazierPathDemo/Info.plist;
				IPHONEOS_DEPLOYMENT_TARGET = 11.0;
				LD_RUNPATH_SEARCH_PATHS = (
					"$(inherited)",
					"@executable_path/Frameworks",
				);
				PRODUCT_BUNDLE_IDENTIFIER = me.yuhuacheng.cocoatouch.UIBazierPathDemo;
				PRODUCT_NAME = "$(TARGET_NAME)";
				TARGETED_DEVICE_FAMILY = "1,2";
			};
			name = Release;
		};
/* End XCBuildConfiguration section */

/* Begin XCConfigurationList section */
		BF7C72B724AD6FA50094A8D9 /* Build configuration list for PBXProject "UIBazierPathDemo" */ = {
			isa = XCConfigurationList;
			buildConfigurations = (
				BF7C72D324AD6FA90094A8D9 /* Debug */,
				BF7C72D424AD6FA90094A8D9 /* Release */,
			);
			defaultConfigurationIsVisible = 0;
			defaultConfigurationName = Release;
		};
		BF7C72D524AD6FA90094A8D9 /* Build configuration list for PBXNativeTarget "UIBazierPathDemo" */ = {
			isa = XCConfigurationList;
			buildConfigurations = (
				BF7C72D624AD6FA90094A8D9 /* Debug */,
				BF7C72D724AD6FA90094A8D9 /* Release */,
			);
			defaultConfigurationIsVisible = 0;
			defaultConfigurationName = Release;
		};
/* End XCConfigurationList section */
	};
	rootObject = BF7C72B424AD6FA50094A8D9 /* Project object */;
}
